
Microsoft Visual Studio Solution File, Format Version 12.00
# Visual Studio Version 16
VisualStudioVersion = 16.0.30413.136
MinimumVisualStudioVersion = 10.0.40219.1
Project("{9A19103F-16F7-4668-BE54-9A1E7A4F7556}") = "YuceEgitim.Web", "YuceEgitim.Web\YuceEgitim.Web.csproj", "{577CD83F-35D5-4B6F-B571-0A8C1963292F}"
EndProject
Project("{FAE04EC0-301F-11D3-BF4B-00C04F79EFBC}") = "YuceEgitim.Database", "YuceEgitim.Database\YuceEgitim.Database.csproj", "{1E114B14-900D-4DB8-BAFD-969478AD51CC}"
EndProject
Project("{FAE04EC0-301F-11D3-BF4B-00C04F79EFBC}") = "YuceEgitim.Entites", "YuceEgitim.Entites\YuceEgitim.Entites.csproj", "{A67AC91B-115B-4D03-B575-EEE44E12A5C4}"
EndProject
Global
	GlobalSection(SolutionConfigurationPlatforms) = preSolution
		Debug|Any CPU = Debug|Any CPU
		Release|Any CPU = Release|Any CPU
	EndGlobalSection
	GlobalSection(ProjectConfigurationPlatforms) = postSolution
		{577CD83F-35D5-4B6F-B571-0A8C1963292F}.Debug|Any CPU.ActiveCfg = Debug|Any CPU
		{577CD83F-35D5-4B6F-B571-0A8C1963292F}.Debug|Any CPU.Build.0 = Debug|Any CPU
		{577CD83F-35D5-4B6F-B571-0A8C1963292F}.Release|Any CPU.ActiveCfg = Release|Any CPU
		{577CD83F-35D5-4B6F-B571-0A8C1963292F}.Release|Any CPU.Build.0 = Release|Any CPU
		{1E114B14-900D-4DB8-BAFD-969478AD51CC}.Debug|Any CPU.ActiveCfg = Debug|Any CPU
		{1E114B14-900D-4DB8-BAFD-969478AD51CC}.Debug|Any CPU.Build.0 = Debug|Any CPU
		{1E114B14-900D-4DB8-BAFD-969478AD51CC}.Release|Any CPU.ActiveCfg = Release|Any CPU
		{1E114B14-900D-4DB8-BAFD-969478AD51CC}.Release|Any CPU.Build.0 = Release|Any CPU
		{A67AC91B-115B-4D03-B575-EEE44E12A5C4}.Debug|Any CPU.ActiveCfg = Debug|Any CPU
		{A67AC91B-115B-4D03-B575-EEE44E12A5C4}.Debug|Any CPU.Build.0 = Debug|Any CPU
		{A67AC91B-115B-4D03-B575-EEE44E12A5C4}.Release|Any CPU.ActiveCfg = Release|Any CPU
		{A67AC91B-115B-4D03-B575-EEE44E12A5C4}.Release|Any CPU.Build.0 = Release|Any CPU
	EndGlobalSection
	GlobalSection(SolutionProperties) = preSolution
		HideSolutionNode = FALSE
	EndGlobalSection
	GlobalSection(ExtensibilityGlobals) = postSolution
		SolutionGuid = {052B78B8-3AAB-44C2-8FB8-3AA9AADFB20D}
	EndGlobalSection
EndGlobal
